
Microsoft Visual Studio Solution File, Format Version 12.00
# Visual Studio Version 17
VisualStudioVersion = 17.13.35931.197 d17.13
MinimumVisualStudioVersion = 10.0.40219.1
Project("{FAE04EC0-301F-11D3-BF4B-00C04F79EFBC}") = "habilitations2024", "habilitations2024\habilitations2024.csproj", "{BEAAF0CC-2B14-4154-8794-61A86A7E6AC5}"
EndProject
Global
	GlobalSection(SolutionConfigurationPlatforms) = preSolution
		Debug|Any CPU = Debug|Any CPU
		Release|Any CPU = Release|Any CPU
	EndGlobalSection
	GlobalSection(ProjectConfigurationPlatforms) = postSolution
		{BEAAF0CC-2B14-4154-8794-61A86A7E6AC5}.Debug|Any CPU.ActiveCfg = Debug|Any CPU
		{BEAAF0CC-2B14-4154-8794-61A86A7E6AC5}.Debug|Any CPU.Build.0 = Debug|Any CPU
		{BEAAF0CC-2B14-4154-8794-61A86A7E6AC5}.Release|Any CPU.ActiveCfg = Release|Any CPU
		{BEAAF0CC-2B14-4154-8794-61A86A7E6AC5}.Release|Any CPU.Build.0 = Release|Any CPU
	EndGlobalSection
	GlobalSection(SolutionProperties) = preSolution
		HideSolutionNode = FALSE
	EndGlobalSection
	GlobalSection(ExtensibilityGlobals) = postSolution
		SolutionGuid = {81EDD97C-D860-479B-985F-1BE64D55C8DB}
	EndGlobalSection
EndGlobal
